
Microsoft Visual Studio Solution File, Format Version 12.00
# Visual Studio 15
VisualStudioVersion = 15.0.26730.8
MinimumVisualStudioVersion = 10.0.40219.1
Project("{FAE04EC0-301F-11D3-BF4B-00C04F79EFBC}") = "Monkey", "Monkey\Monkey.csproj", "{AB0F4D67-E750-4D99-B712-673934EC66B3}"
EndProject
Project("{FAE04EC0-301F-11D3-BF4B-00C04F79EFBC}") = "Monkey.Tests", "Monkey.Tests\Monkey.Tests.csproj", "{2207C946-9371-478C-B410-DBC0DFAFC610}"
EndProject
Global
	GlobalSection(SolutionConfigurationPlatforms) = preSolution
		Debug|Any CPU = Debug|Any CPU
		Release|Any CPU = Release|Any CPU
	EndGlobalSection
	GlobalSection(ProjectConfigurationPlatforms) = postSolution
		{AB0F4D67-E750-4D99-B712-673934EC66B3}.Debug|Any CPU.ActiveCfg = Debug|Any CPU
		{AB0F4D67-E750-4D99-B712-673934EC66B3}.Debug|Any CPU.Build.0 = Debug|Any CPU
		{AB0F4D67-E750-4D99-B712-673934EC66B3}.Release|Any CPU.ActiveCfg = Release|Any CPU
		{AB0F4D67-E750-4D99-B712-673934EC66B3}.Release|Any CPU.Build.0 = Release|Any CPU
		{2207C946-9371-478C-B410-DBC0DFAFC610}.Debug|Any CPU.ActiveCfg = Debug|Any CPU
		{2207C946-9371-478C-B410-DBC0DFAFC610}.Debug|Any CPU.Build.0 = Debug|Any CPU
		{2207C946-9371-478C-B410-DBC0DFAFC610}.Release|Any CPU.ActiveCfg = Release|Any CPU
		{2207C946-9371-478C-B410-DBC0DFAFC610}.Release|Any CPU.Build.0 = Release|Any CPU
	EndGlobalSection
	GlobalSection(SolutionProperties) = preSolution
		HideSolutionNode = FALSE
	EndGlobalSection
	GlobalSection(ExtensibilityGlobals) = postSolution
		SolutionGuid = {64A3BC4D-0985-47EA-A8A1-04D2AAC3BCB5}
	EndGlobalSection
EndGlobal
